
Microsoft Visual Studio Solution File, Format Version 12.00
# Visual Studio Version 16
VisualStudioVersion = 16.0.29920.165
MinimumVisualStudioVersion = 10.0.40219.1
Project("{FAE04EC0-301F-11D3-BF4B-00C04F79EFBC}") = "TopStories", "TopStories\TopStories.csproj", "{8DC94EDE-119A-4628-A531-E5A13796085E}"
EndProject
Global
	GlobalSection(SolutionConfigurationPlatforms) = preSolution
		Debug|Any CPU = Debug|Any CPU
		Release|Any CPU = Release|Any CPU
	EndGlobalSection
	GlobalSection(ProjectConfigurationPlatforms) = postSolution
		{8DC94EDE-119A-4628-A531-E5A13796085E}.Debug|Any CPU.ActiveCfg = Debug|Any CPU
		{8DC94EDE-119A-4628-A531-E5A13796085E}.Debug|Any CPU.Build.0 = Debug|Any CPU
		{8DC94EDE-119A-4628-A531-E5A13796085E}.Release|Any CPU.ActiveCfg = Release|Any CPU
		{8DC94EDE-119A-4628-A531-E5A13796085E}.Release|Any CPU.Build.0 = Release|Any CPU
	EndGlobalSection
	GlobalSection(SolutionProperties) = preSolution
		HideSolutionNode = FALSE
	EndGlobalSection
	GlobalSection(ExtensibilityGlobals) = postSolution
		SolutionGuid = {0D7473C1-0D72-4F5A-8D4D-71CA9D1D8B1B}
	EndGlobalSection
EndGlobal
